
Microsoft Visual Studio Solution File, Format Version 12.00
# Visual Studio Version 17
VisualStudioVersion = 17.10.35027.167
MinimumVisualStudioVersion = 10.0.40219.1
Project("{FAE04EC0-301F-11D3-BF4B-00C04F79EFBC}") = "Lakan.Solutions.App", "Lakan.Solutions.App\Lakan.Solutions.App.csproj", "{389DDA08-06E0-48D4-B313-1E985963508A}"
EndProject
Global
	GlobalSection(SolutionConfigurationPlatforms) = preSolution
		Debug|Any CPU = Debug|Any CPU
		Release|Any CPU = Release|Any CPU
	EndGlobalSection
	GlobalSection(ProjectConfigurationPlatforms) = postSolution
		{389DDA08-06E0-48D4-B313-1E985963508A}.Debug|Any CPU.ActiveCfg = Debug|Any CPU
		{389DDA08-06E0-48D4-B313-1E985963508A}.Debug|Any CPU.Build.0 = Debug|Any CPU
		{389DDA08-06E0-48D4-B313-1E985963508A}.Release|Any CPU.ActiveCfg = Release|Any CPU
		{389DDA08-06E0-48D4-B313-1E985963508A}.Release|Any CPU.Build.0 = Release|Any CPU
	EndGlobalSection
	GlobalSection(SolutionProperties) = preSolution
		HideSolutionNode = FALSE
	EndGlobalSection
	GlobalSection(ExtensibilityGlobals) = postSolution
		SolutionGuid = {615A80F7-3E1C-4988-AFDB-526B4FA5101B}
	EndGlobalSection
EndGlobal
