
Microsoft Visual Studio Solution File, Format Version 12.00
# Visual Studio Version 17
VisualStudioVersion = 17.10.35027.167
MinimumVisualStudioVersion = 10.0.40219.1
Project("{2150E333-8FDC-42A3-9474-1A3956D46DE8}") = "src", "src", "{2B8A0EC8-8249-4811-91CF-06235EE8D37F}"
EndProject
Project("{2150E333-8FDC-42A3-9474-1A3956D46DE8}") = "Common", "Common", "{1D8AB797-DD8A-4675-B4EC-1B2117FF87EB}"
EndProject
Project("{2150E333-8FDC-42A3-9474-1A3956D46DE8}") = "Modules", "Modules", "{731CD52E-1A0B-48CA-BC61-A600B958528D}"
EndProject
Project("{9A19103F-16F7-4668-BE54-9A1E7A4F7556}") = "Lakan.Solutions.Web", "Lakan.Solutions.Web\Lakan.Solutions.Web.csproj", "{DD26D838-1D34-47A2-9E59-1A466C1FA993}"
EndProject
Project("{9A19103F-16F7-4668-BE54-9A1E7A4F7556}") = "Modules.Tenant", "Modules.Tenant\Modules.Tenant.csproj", "{7A5BDAEE-C7A3-4B36-B2C7-3E3DEEA61AF7}"
EndProject
Project("{9A19103F-16F7-4668-BE54-9A1E7A4F7556}") = "Modules.Billing", "Modules.Billing\Modules.Billing.csproj", "{BC3FEBA4-3BF6-4037-8EA9-10FB6C0F1353}"
EndProject
Project("{9A19103F-16F7-4668-BE54-9A1E7A4F7556}") = "Modules.Inventory", "Modules.Inventory\Modules.Inventory.csproj", "{14FE813A-EC1D-4189-A7CD-981A23B2F34B}"
EndProject
Project("{9A19103F-16F7-4668-BE54-9A1E7A4F7556}") = "Modules.Notifications", "Modules.Notification\Modules.Notifications.csproj", "{2B29CB86-8F5E-44F5-8283-6263B8E456EB}"
EndProject
Project("{9A19103F-16F7-4668-BE54-9A1E7A4F7556}") = "Modules.Reports", "Modules.Reports\Modules.Reports.csproj", "{66D4D564-09D5-4C19-8681-55FE5A5B915A}"
EndProject
Project("{FAE04EC0-301F-11D3-BF4B-00C04F79EFBC}") = "Common.Authentication", "Common.Authentication\Common.Authentication.csproj", "{E0F8E096-3192-4EF6-9FB7-AFEB7E069B81}"
EndProject
Project("{2150E333-8FDC-42A3-9474-1A3956D46DE8}") = "Workers", "Workers", "{CD20B234-97FB-40E1-A60A-E6DE9CE8DBB2}"
EndProject
Project("{FAE04EC0-301F-11D3-BF4B-00C04F79EFBC}") = "Workers.Reminder", "Workers.Reminder\Workers.Reminder.csproj", "{F85F382E-77AF-45EA-BAAC-85A7E39AB37B}"
EndProject
Project("{FAE04EC0-301F-11D3-BF4B-00C04F79EFBC}") = "Common.Api", "Common.Api\Common.Api.csproj", "{3FB0F5E8-6138-4090-95C1-094718716DB9}"
EndProject
Project("{FAE04EC0-301F-11D3-BF4B-00C04F79EFBC}") = "Common.Entities", "Common.Entities\Common.Entities.csproj", "{36291271-C9B1-407C-A971-1491C7119C73}"
EndProject
Project("{FAE04EC0-301F-11D3-BF4B-00C04F79EFBC}") = "Common.Persistence", "Common.Persistence\Common.Persistence.csproj", "{0D6B5C4E-6609-4599-A4C5-2E70EAA7AD99}"
EndProject
Project("{FAE04EC0-301F-11D3-BF4B-00C04F79EFBC}") = "Common.Shared", "Common.Shared\Common.Shared.csproj", "{1ACCB0AB-C6F0-4C30-8BDF-0066C352BEB1}"
EndProject
Global
	GlobalSection(SolutionConfigurationPlatforms) = preSolution
		Debug|Any CPU = Debug|Any CPU
		Release|Any CPU = Release|Any CPU
	EndGlobalSection
	GlobalSection(ProjectConfigurationPlatforms) = postSolution
		{DD26D838-1D34-47A2-9E59-1A466C1FA993}.Debug|Any CPU.ActiveCfg = Debug|Any CPU
		{DD26D838-1D34-47A2-9E59-1A466C1FA993}.Debug|Any CPU.Build.0 = Debug|Any CPU
		{DD26D838-1D34-47A2-9E59-1A466C1FA993}.Release|Any CPU.ActiveCfg = Release|Any CPU
		{DD26D838-1D34-47A2-9E59-1A466C1FA993}.Release|Any CPU.Build.0 = Release|Any CPU
		{7A5BDAEE-C7A3-4B36-B2C7-3E3DEEA61AF7}.Debug|Any CPU.ActiveCfg = Debug|Any CPU
		{7A5BDAEE-C7A3-4B36-B2C7-3E3DEEA61AF7}.Debug|Any CPU.Build.0 = Debug|Any CPU
		{7A5BDAEE-C7A3-4B36-B2C7-3E3DEEA61AF7}.Release|Any CPU.ActiveCfg = Release|Any CPU
		{7A5BDAEE-C7A3-4B36-B2C7-3E3DEEA61AF7}.Release|Any CPU.Build.0 = Release|Any CPU
		{BC3FEBA4-3BF6-4037-8EA9-10FB6C0F1353}.Debug|Any CPU.ActiveCfg = Debug|Any CPU
		{BC3FEBA4-3BF6-4037-8EA9-10FB6C0F1353}.Debug|Any CPU.Build.0 = Debug|Any CPU
		{BC3FEBA4-3BF6-4037-8EA9-10FB6C0F1353}.Release|Any CPU.ActiveCfg = Release|Any CPU
		{BC3FEBA4-3BF6-4037-8EA9-10FB6C0F1353}.Release|Any CPU.Build.0 = Release|Any CPU
		{14FE813A-EC1D-4189-A7CD-981A23B2F34B}.Debug|Any CPU.ActiveCfg = Debug|Any CPU
		{14FE813A-EC1D-4189-A7CD-981A23B2F34B}.Debug|Any CPU.Build.0 = Debug|Any CPU
		{14FE813A-EC1D-4189-A7CD-981A23B2F34B}.Release|Any CPU.ActiveCfg = Release|Any CPU
		{14FE813A-EC1D-4189-A7CD-981A23B2F34B}.Release|Any CPU.Build.0 = Release|Any CPU
		{2B29CB86-8F5E-44F5-8283-6263B8E456EB}.Debug|Any CPU.ActiveCfg = Debug|Any CPU
		{2B29CB86-8F5E-44F5-8283-6263B8E456EB}.Debug|Any CPU.Build.0 = Debug|Any CPU
		{2B29CB86-8F5E-44F5-8283-6263B8E456EB}.Release|Any CPU.ActiveCfg = Release|Any CPU
		{2B29CB86-8F5E-44F5-8283-6263B8E456EB}.Release|Any CPU.Build.0 = Release|Any CPU
		{66D4D564-09D5-4C19-8681-55FE5A5B915A}.Debug|Any CPU.ActiveCfg = Debug|Any CPU
		{66D4D564-09D5-4C19-8681-55FE5A5B915A}.Debug|Any CPU.Build.0 = Debug|Any CPU
		{66D4D564-09D5-4C19-8681-55FE5A5B915A}.Release|Any CPU.ActiveCfg = Release|Any CPU
		{66D4D564-09D5-4C19-8681-55FE5A5B915A}.Release|Any CPU.Build.0 = Release|Any CPU
		{E0F8E096-3192-4EF6-9FB7-AFEB7E069B81}.Debug|Any CPU.ActiveCfg = Debug|Any CPU
		{E0F8E096-3192-4EF6-9FB7-AFEB7E069B81}.Debug|Any CPU.Build.0 = Debug|Any CPU
		{E0F8E096-3192-4EF6-9FB7-AFEB7E069B81}.Release|Any CPU.ActiveCfg = Release|Any CPU
		{E0F8E096-3192-4EF6-9FB7-AFEB7E069B81}.Release|Any CPU.Build.0 = Release|Any CPU
		{F85F382E-77AF-45EA-BAAC-85A7E39AB37B}.Debug|Any CPU.ActiveCfg = Debug|Any CPU
		{F85F382E-77AF-45EA-BAAC-85A7E39AB37B}.Debug|Any CPU.Build.0 = Debug|Any CPU
		{F85F382E-77AF-45EA-BAAC-85A7E39AB37B}.Release|Any CPU.ActiveCfg = Release|Any CPU
		{F85F382E-77AF-45EA-BAAC-85A7E39AB37B}.Release|Any CPU.Build.0 = Release|Any CPU
		{3FB0F5E8-6138-4090-95C1-094718716DB9}.Debug|Any CPU.ActiveCfg = Debug|Any CPU
		{3FB0F5E8-6138-4090-95C1-094718716DB9}.Debug|Any CPU.Build.0 = Debug|Any CPU
		{3FB0F5E8-6138-4090-95C1-094718716DB9}.Release|Any CPU.ActiveCfg = Release|Any CPU
		{3FB0F5E8-6138-4090-95C1-094718716DB9}.Release|Any CPU.Build.0 = Release|Any CPU
		{36291271-C9B1-407C-A971-1491C7119C73}.Debug|Any CPU.ActiveCfg = Debug|Any CPU
		{36291271-C9B1-407C-A971-1491C7119C73}.Debug|Any CPU.Build.0 = Debug|Any CPU
		{36291271-C9B1-407C-A971-1491C7119C73}.Release|Any CPU.ActiveCfg = Release|Any CPU
		{36291271-C9B1-407C-A971-1491C7119C73}.Release|Any CPU.Build.0 = Release|Any CPU
		{0D6B5C4E-6609-4599-A4C5-2E70EAA7AD99}.Debug|Any CPU.ActiveCfg = Debug|Any CPU
		{0D6B5C4E-6609-4599-A4C5-2E70EAA7AD99}.Debug|Any CPU.Build.0 = Debug|Any CPU
		{0D6B5C4E-6609-4599-A4C5-2E70EAA7AD99}.Release|Any CPU.ActiveCfg = Release|Any CPU
		{0D6B5C4E-6609-4599-A4C5-2E70EAA7AD99}.Release|Any CPU.Build.0 = Release|Any CPU
		{1ACCB0AB-C6F0-4C30-8BDF-0066C352BEB1}.Debug|Any CPU.ActiveCfg = Debug|Any CPU
		{1ACCB0AB-C6F0-4C30-8BDF-0066C352BEB1}.Debug|Any CPU.Build.0 = Debug|Any CPU
		{1ACCB0AB-C6F0-4C30-8BDF-0066C352BEB1}.Release|Any CPU.ActiveCfg = Release|Any CPU
		{1ACCB0AB-C6F0-4C30-8BDF-0066C352BEB1}.Release|Any CPU.Build.0 = Release|Any CPU
	EndGlobalSection
	GlobalSection(SolutionProperties) = preSolution
		HideSolutionNode = FALSE
	EndGlobalSection
	GlobalSection(NestedProjects) = preSolution
		{1D8AB797-DD8A-4675-B4EC-1B2117FF87EB} = {2B8A0EC8-8249-4811-91CF-06235EE8D37F}
		{731CD52E-1A0B-48CA-BC61-A600B958528D} = {2B8A0EC8-8249-4811-91CF-06235EE8D37F}
		{DD26D838-1D34-47A2-9E59-1A466C1FA993} = {2B8A0EC8-8249-4811-91CF-06235EE8D37F}
		{7A5BDAEE-C7A3-4B36-B2C7-3E3DEEA61AF7} = {731CD52E-1A0B-48CA-BC61-A600B958528D}
		{BC3FEBA4-3BF6-4037-8EA9-10FB6C0F1353} = {731CD52E-1A0B-48CA-BC61-A600B958528D}
		{14FE813A-EC1D-4189-A7CD-981A23B2F34B} = {731CD52E-1A0B-48CA-BC61-A600B958528D}
		{2B29CB86-8F5E-44F5-8283-6263B8E456EB} = {731CD52E-1A0B-48CA-BC61-A600B958528D}
		{66D4D564-09D5-4C19-8681-55FE5A5B915A} = {731CD52E-1A0B-48CA-BC61-A600B958528D}
		{E0F8E096-3192-4EF6-9FB7-AFEB7E069B81} = {1D8AB797-DD8A-4675-B4EC-1B2117FF87EB}
		{CD20B234-97FB-40E1-A60A-E6DE9CE8DBB2} = {2B8A0EC8-8249-4811-91CF-06235EE8D37F}
		{F85F382E-77AF-45EA-BAAC-85A7E39AB37B} = {CD20B234-97FB-40E1-A60A-E6DE9CE8DBB2}
		{3FB0F5E8-6138-4090-95C1-094718716DB9} = {1D8AB797-DD8A-4675-B4EC-1B2117FF87EB}
		{36291271-C9B1-407C-A971-1491C7119C73} = {1D8AB797-DD8A-4675-B4EC-1B2117FF87EB}
		{0D6B5C4E-6609-4599-A4C5-2E70EAA7AD99} = {1D8AB797-DD8A-4675-B4EC-1B2117FF87EB}
		{1ACCB0AB-C6F0-4C30-8BDF-0066C352BEB1} = {1D8AB797-DD8A-4675-B4EC-1B2117FF87EB}
	EndGlobalSection
	GlobalSection(ExtensibilityGlobals) = postSolution
		SolutionGuid = {615A80F7-3E1C-4988-AFDB-526B4FA5101B}
	EndGlobalSection
EndGlobal
